// !$*UTF8*$!
{
	archiveVersion = 1;
	classes = {
	};
	objectVersion = 56;
	objects = {

/* Begin PBXBuildFile section */
		F01A916C2ABE189D00139466 /* baby_yoda.json in Resources */ = {isa = PBXBuildFile; fileRef = F01A916B2ABE189D00139466 /* baby_yoda.json */; };
		F01A91702ABE200900139466 /* GoogleSignIn in Frameworks */ = {isa = PBXBuildFile; productRef = F01A916F2ABE200900139466 /* GoogleSignIn */; };
		F01A91722ABE200900139466 /* GoogleSignInSwift in Frameworks */ = {isa = PBXBuildFile; productRef = F01A91712ABE200900139466 /* GoogleSignInSwift */; };
		F01E30442AA75786003AF470 /* AppDelegate.swift in Sources */ = {isa = PBXBuildFile; fileRef = F01E30432AA75786003AF470 /* AppDelegate.swift */; };
		F01E30462AA75786003AF470 /* SceneDelegate.swift in Sources */ = {isa = PBXBuildFile; fileRef = F01E30452AA75786003AF470 /* SceneDelegate.swift */; };
		F01E30482AA75786003AF470 /* ViewController.swift in Sources */ = {isa = PBXBuildFile; fileRef = F01E30472AA75786003AF470 /* ViewController.swift */; };
		F01E304B2AA75786003AF470 /* Main.storyboard in Resources */ = {isa = PBXBuildFile; fileRef = F01E30492AA75786003AF470 /* Main.storyboard */; };
		F01E304E2AA75786003AF470 /* Nenis.xcdatamodeld in Sources */ = {isa = PBXBuildFile; fileRef = F01E304C2AA75786003AF470 /* Nenis.xcdatamodeld */; };
		F01E30502AA75787003AF470 /* Assets.xcassets in Resources */ = {isa = PBXBuildFile; fileRef = F01E304F2AA75787003AF470 /* Assets.xcassets */; };
		F01E30532AA75787003AF470 /* LaunchScreen.storyboard in Resources */ = {isa = PBXBuildFile; fileRef = F01E30512AA75787003AF470 /* LaunchScreen.storyboard */; };
		F01E305E2AA75787003AF470 /* NenisTests.swift in Sources */ = {isa = PBXBuildFile; fileRef = F01E305D2AA75787003AF470 /* NenisTests.swift */; };
		F01E30682AA75787003AF470 /* NenisUITests.swift in Sources */ = {isa = PBXBuildFile; fileRef = F01E30672AA75787003AF470 /* NenisUITests.swift */; };
		F01E306A2AA75787003AF470 /* NenisUITestsLaunchTests.swift in Sources */ = {isa = PBXBuildFile; fileRef = F01E30692AA75787003AF470 /* NenisUITestsLaunchTests.swift */; };
		F01E307C2AA75BF2003AF470 /* HomeViewController.swift in Sources */ = {isa = PBXBuildFile; fileRef = F01E307B2AA75BF2003AF470 /* HomeViewController.swift */; };
		F01E307E2AA75C04003AF470 /* ProfileViewController.swift in Sources */ = {isa = PBXBuildFile; fileRef = F01E307D2AA75C04003AF470 /* ProfileViewController.swift */; };
		F01E30802AA75C11003AF470 /* ExploreViewController.swift in Sources */ = {isa = PBXBuildFile; fileRef = F01E307F2AA75C11003AF470 /* ExploreViewController.swift */; };
		F02F8E522ABA8EF80008E560 /* HomeViewModel.swift in Sources */ = {isa = PBXBuildFile; fileRef = F02F8E512ABA8EF80008E560 /* HomeViewModel.swift */; };
		F0891AE72AC1F37600BC6C6B /* Baby.storyboard in Resources */ = {isa = PBXBuildFile; fileRef = F0891AE62AC1F37600BC6C6B /* Baby.storyboard */; };
		F0891AE92AC1F3A700BC6C6B /* NewChildViewController.swift in Sources */ = {isa = PBXBuildFile; fileRef = F0891AE82AC1F3A700BC6C6B /* NewChildViewController.swift */; };
		F09B42CD2AC30BB4004910F7 /* ViewExtensions.swift in Sources */ = {isa = PBXBuildFile; fileRef = F09B42CC2AC30BB4004910F7 /* ViewExtensions.swift */; };
		F09B42CF2AC3229D004910F7 /* Utils.storyboard in Resources */ = {isa = PBXBuildFile; fileRef = F09B42CE2AC3229D004910F7 /* Utils.storyboard */; };
		F09D40BC2ABFAFDD0006E4BF /* baby_sleep.json in Resources */ = {isa = PBXBuildFile; fileRef = F09D40BB2ABFAFDD0006E4BF /* baby_sleep.json */; };
		F09D40C02ABFCA930006E4BF /* PopOverViewController.swift in Sources */ = {isa = PBXBuildFile; fileRef = F09D40BE2ABFCA930006E4BF /* PopOverViewController.swift */; };
		F09EB4A52AB3E6790058B7AB /* FirebaseAnalytics in Frameworks */ = {isa = PBXBuildFile; productRef = F09EB4A42AB3E6790058B7AB /* FirebaseAnalytics */; };
		F09EB4A72AB3E6790058B7AB /* FirebaseAuth in Frameworks */ = {isa = PBXBuildFile; productRef = F09EB4A62AB3E6790058B7AB /* FirebaseAuth */; };
		F09EB4A92AB3E6790058B7AB /* FirebaseAuthCombine-Community in Frameworks */ = {isa = PBXBuildFile; productRef = F09EB4A82AB3E6790058B7AB /* FirebaseAuthCombine-Community */; };
		F09EB4AB2AB3E6790058B7AB /* FirebaseFirestore in Frameworks */ = {isa = PBXBuildFile; productRef = F09EB4AA2AB3E6790058B7AB /* FirebaseFirestore */; };
		F09EB4AD2AB3E6790058B7AB /* FirebaseFirestoreSwift in Frameworks */ = {isa = PBXBuildFile; productRef = F09EB4AC2AB3E6790058B7AB /* FirebaseFirestoreSwift */; };
		F09EB4AF2AB3E6790058B7AB /* FirebaseMessaging in Frameworks */ = {isa = PBXBuildFile; productRef = F09EB4AE2AB3E6790058B7AB /* FirebaseMessaging */; };
		F09EB4B12AB3E6790058B7AB /* FirebaseStorage in Frameworks */ = {isa = PBXBuildFile; productRef = F09EB4B02AB3E6790058B7AB /* FirebaseStorage */; };
		F09F3F332AA96A9200143522 /* NewActionViewController.swift in Sources */ = {isa = PBXBuildFile; fileRef = F09F3F322AA96A9200143522 /* NewActionViewController.swift */; };
		F0A5BFBD2AB484460045AD1C /* SignInViewController.swift in Sources */ = {isa = PBXBuildFile; fileRef = F0A5BFBC2AB484460045AD1C /* SignInViewController.swift */; };
		F0A5BFC02AB485C90045AD1C /* Lottie in Frameworks */ = {isa = PBXBuildFile; productRef = F0A5BFBF2AB485C90045AD1C /* Lottie */; };
		F0A635852AAB567100FC8C62 /* ActivityTableViewCell.swift in Sources */ = {isa = PBXBuildFile; fileRef = F0A635832AAB567100FC8C62 /* ActivityTableViewCell.swift */; };
		F0A635862AAB567100FC8C62 /* ActivityTableViewCell.xib in Resources */ = {isa = PBXBuildFile; fileRef = F0A635842AAB567100FC8C62 /* ActivityTableViewCell.xib */; };
		F0B3105C2ABD1F3200530994 /* GoogleService-Info.plist in Resources */ = {isa = PBXBuildFile; fileRef = F0B3105B2ABD1F3200530994 /* GoogleService-Info.plist */; };
		F0B3105E2ABD2A6C00530994 /* AuthViewModel.swift in Sources */ = {isa = PBXBuildFile; fileRef = F0B3105D2ABD2A6C00530994 /* AuthViewModel.swift */; };
		F0B310612ABD2CB300530994 /* AnimationExtensions.swift in Sources */ = {isa = PBXBuildFile; fileRef = F0B310602ABD2CB300530994 /* AnimationExtensions.swift */; };
		F0B310632ABD300500530994 /* TextFieldExtension.swift in Sources */ = {isa = PBXBuildFile; fileRef = F0B310622ABD300500530994 /* TextFieldExtension.swift */; };
		F0B38D382AAAA19E00FBBA64 /* Action.swift in Sources */ = {isa = PBXBuildFile; fileRef = F0B38D372AAAA19E00FBBA64 /* Action.swift */; };
		F0BB3CC32AC5138E00ED5314 /* moa in Frameworks */ = {isa = PBXBuildFile; productRef = F0BB3CC22AC5138E00ED5314 /* moa */; };
		F0BB3CC62AC51AFA00ED5314 /* DatabaseService.swift in Sources */ = {isa = PBXBuildFile; fileRef = F0BB3CC52AC51AFA00ED5314 /* DatabaseService.swift */; };
		F0CA22422AC461D50079C1ED /* Child.swift in Sources */ = {isa = PBXBuildFile; fileRef = F0CA22412AC461D50079C1ED /* Child.swift */; };
		F0CA22442AC4628E0079C1ED /* NewChildViewModel.swift in Sources */ = {isa = PBXBuildFile; fileRef = F0CA22432AC4628E0079C1ED /* NewChildViewModel.swift */; };
		F0CBE7962AC5A42400AD6185 /* BabyService.swift in Sources */ = {isa = PBXBuildFile; fileRef = F0CBE7952AC5A42400AD6185 /* BabyService.swift */; };
		F0CBE7982AC5EB2D00AD6185 /* StorageService.swift in Sources */ = {isa = PBXBuildFile; fileRef = F0CBE7972AC5EB2D00AD6185 /* StorageService.swift */; };
		F0CDB99C2AC9444E00430A96 /* InviteViewController.swift in Sources */ = {isa = PBXBuildFile; fileRef = F0CDB99B2AC9444E00430A96 /* InviteViewController.swift */; };
		F0CDB99F2AC9447A00430A96 /* InviteViewModel.swift in Sources */ = {isa = PBXBuildFile; fileRef = F0CDB99E2AC9447A00430A96 /* InviteViewModel.swift */; };
/* End PBXBuildFile section */

/* Begin PBXContainerItemProxy section */
		F01E305A2AA75787003AF470 /* PBXContainerItemProxy */ = {
			isa = PBXContainerItemProxy;
			containerPortal = F01E30382AA75786003AF470 /* Project object */;
			proxyType = 1;
			remoteGlobalIDString = F01E303F2AA75786003AF470;
			remoteInfo = Nenis;
		};
		F01E30642AA75787003AF470 /* PBXContainerItemProxy */ = {
			isa = PBXContainerItemProxy;
			containerPortal = F01E30382AA75786003AF470 /* Project object */;
			proxyType = 1;
			remoteGlobalIDString = F01E303F2AA75786003AF470;
			remoteInfo = Nenis;
		};
/* End PBXContainerItemProxy section */

/* Begin PBXFileReference section */
		F01A916B2ABE189D00139466 /* baby_yoda.json */ = {isa = PBXFileReference; fileEncoding = 4; lastKnownFileType = text.json; name = baby_yoda.json; path = ../../../../../Downloads/baby_yoda.json; sourceTree = "<group>"; };
		F01E30402AA75786003AF470 /* Nenis.app */ = {isa = PBXFileReference; explicitFileType = wrapper.application; includeInIndex = 0; path = Nenis.app; sourceTree = BUILT_PRODUCTS_DIR; };
		F01E30432AA75786003AF470 /* AppDelegate.swift */ = {isa = PBXFileReference; lastKnownFileType = sourcecode.swift; path = AppDelegate.swift; sourceTree = "<group>"; };
		F01E30452AA75786003AF470 /* SceneDelegate.swift */ = {isa = PBXFileReference; lastKnownFileType = sourcecode.swift; path = SceneDelegate.swift; sourceTree = "<group>"; };
		F01E30472AA75786003AF470 /* ViewController.swift */ = {isa = PBXFileReference; lastKnownFileType = sourcecode.swift; path = ViewController.swift; sourceTree = "<group>"; };
		F01E304A2AA75786003AF470 /* Base */ = {isa = PBXFileReference; lastKnownFileType = file.storyboard; name = Base; path = Base.lproj/Main.storyboard; sourceTree = "<group>"; };
		F01E304D2AA75786003AF470 /* Nenis.xcdatamodel */ = {isa = PBXFileReference; lastKnownFileType = wrapper.xcdatamodel; path = Nenis.xcdatamodel; sourceTree = "<group>"; };
		F01E304F2AA75787003AF470 /* Assets.xcassets */ = {isa = PBXFileReference; lastKnownFileType = folder.assetcatalog; path = Assets.xcassets; sourceTree = "<group>"; };
		F01E30522AA75787003AF470 /* Base */ = {isa = PBXFileReference; lastKnownFileType = file.storyboard; name = Base; path = Base.lproj/LaunchScreen.storyboard; sourceTree = "<group>"; };
		F01E30542AA75787003AF470 /* Info.plist */ = {isa = PBXFileReference; lastKnownFileType = text.plist.xml; path = Info.plist; sourceTree = "<group>"; };
		F01E30592AA75787003AF470 /* NenisTests.xctest */ = {isa = PBXFileReference; explicitFileType = wrapper.cfbundle; includeInIndex = 0; path = NenisTests.xctest; sourceTree = BUILT_PRODUCTS_DIR; };
		F01E305D2AA75787003AF470 /* NenisTests.swift */ = {isa = PBXFileReference; lastKnownFileType = sourcecode.swift; path = NenisTests.swift; sourceTree = "<group>"; };
		F01E30632AA75787003AF470 /* NenisUITests.xctest */ = {isa = PBXFileReference; explicitFileType = wrapper.cfbundle; includeInIndex = 0; path = NenisUITests.xctest; sourceTree = BUILT_PRODUCTS_DIR; };
		F01E30672AA75787003AF470 /* NenisUITests.swift */ = {isa = PBXFileReference; lastKnownFileType = sourcecode.swift; path = NenisUITests.swift; sourceTree = "<group>"; };
		F01E30692AA75787003AF470 /* NenisUITestsLaunchTests.swift */ = {isa = PBXFileReference; lastKnownFileType = sourcecode.swift; path = NenisUITestsLaunchTests.swift; sourceTree = "<group>"; };
		F01E307B2AA75BF2003AF470 /* HomeViewController.swift */ = {isa = PBXFileReference; lastKnownFileType = sourcecode.swift; path = HomeViewController.swift; sourceTree = "<group>"; };
		F01E307D2AA75C04003AF470 /* ProfileViewController.swift */ = {isa = PBXFileReference; lastKnownFileType = sourcecode.swift; path = ProfileViewController.swift; sourceTree = "<group>"; };
		F01E307F2AA75C11003AF470 /* ExploreViewController.swift */ = {isa = PBXFileReference; lastKnownFileType = sourcecode.swift; path = ExploreViewController.swift; sourceTree = "<group>"; };
		F02F8E512ABA8EF80008E560 /* HomeViewModel.swift */ = {isa = PBXFileReference; lastKnownFileType = sourcecode.swift; path = HomeViewModel.swift; sourceTree = "<group>"; };
		F0891AE62AC1F37600BC6C6B /* Baby.storyboard */ = {isa = PBXFileReference; lastKnownFileType = file.storyboard; path = Baby.storyboard; sourceTree = "<group>"; };
		F0891AE82AC1F3A700BC6C6B /* NewChildViewController.swift */ = {isa = PBXFileReference; lastKnownFileType = sourcecode.swift; path = NewChildViewController.swift; sourceTree = "<group>"; };
		F09B42CC2AC30BB4004910F7 /* ViewExtensions.swift */ = {isa = PBXFileReference; lastKnownFileType = sourcecode.swift; path = ViewExtensions.swift; sourceTree = "<group>"; };
		F09B42CE2AC3229D004910F7 /* Utils.storyboard */ = {isa = PBXFileReference; lastKnownFileType = file.storyboard; path = Utils.storyboard; sourceTree = "<group>"; };
		F09D40BB2ABFAFDD0006E4BF /* baby_sleep.json */ = {isa = PBXFileReference; fileEncoding = 4; lastKnownFileType = text.json; name = baby_sleep.json; path = ../../../../../Downloads/baby_sleep.json; sourceTree = "<group>"; };
		F09D40BE2ABFCA930006E4BF /* PopOverViewController.swift */ = {isa = PBXFileReference; lastKnownFileType = sourcecode.swift; path = PopOverViewController.swift; sourceTree = "<group>"; };
		F09F3F322AA96A9200143522 /* NewActionViewController.swift */ = {isa = PBXFileReference; lastKnownFileType = sourcecode.swift; path = NewActionViewController.swift; sourceTree = "<group>"; };
		F0A5BFBC2AB484460045AD1C /* SignInViewController.swift */ = {isa = PBXFileReference; lastKnownFileType = sourcecode.swift; path = SignInViewController.swift; sourceTree = "<group>"; };
		F0A635832AAB567100FC8C62 /* ActivityTableViewCell.swift */ = {isa = PBXFileReference; lastKnownFileType = sourcecode.swift; path = ActivityTableViewCell.swift; sourceTree = "<group>"; };
		F0A635842AAB567100FC8C62 /* ActivityTableViewCell.xib */ = {isa = PBXFileReference; lastKnownFileType = file.xib; path = ActivityTableViewCell.xib; sourceTree = "<group>"; };
		F0B3105B2ABD1F3200530994 /* GoogleService-Info.plist */ = {isa = PBXFileReference; fileEncoding = 4; lastKnownFileType = text.plist.xml; name = "GoogleService-Info.plist"; path = "../../../../../Downloads/GoogleService-Info.plist"; sourceTree = "<group>"; };
		F0B3105D2ABD2A6C00530994 /* AuthViewModel.swift */ = {isa = PBXFileReference; lastKnownFileType = sourcecode.swift; path = AuthViewModel.swift; sourceTree = "<group>"; };
		F0B310602ABD2CB300530994 /* AnimationExtensions.swift */ = {isa = PBXFileReference; lastKnownFileType = sourcecode.swift; path = AnimationExtensions.swift; sourceTree = "<group>"; };
		F0B310622ABD300500530994 /* TextFieldExtension.swift */ = {isa = PBXFileReference; lastKnownFileType = sourcecode.swift; path = TextFieldExtension.swift; sourceTree = "<group>"; };
		F0B38D372AAAA19E00FBBA64 /* Action.swift */ = {isa = PBXFileReference; lastKnownFileType = sourcecode.swift; path = Action.swift; sourceTree = "<group>"; };
		F0BB3CC52AC51AFA00ED5314 /* DatabaseService.swift */ = {isa = PBXFileReference; lastKnownFileType = sourcecode.swift; path = DatabaseService.swift; sourceTree = "<group>"; };
		F0CA22412AC461D50079C1ED /* Child.swift */ = {isa = PBXFileReference; lastKnownFileType = sourcecode.swift; path = Child.swift; sourceTree = "<group>"; };
		F0CA22432AC4628E0079C1ED /* NewChildViewModel.swift */ = {isa = PBXFileReference; lastKnownFileType = sourcecode.swift; path = NewChildViewModel.swift; sourceTree = "<group>"; };
		F0CBE7952AC5A42400AD6185 /* BabyService.swift */ = {isa = PBXFileReference; lastKnownFileType = sourcecode.swift; path = BabyService.swift; sourceTree = "<group>"; };
		F0CBE7972AC5EB2D00AD6185 /* StorageService.swift */ = {isa = PBXFileReference; lastKnownFileType = sourcecode.swift; path = StorageService.swift; sourceTree = "<group>"; };
		F0CDB99B2AC9444E00430A96 /* InviteViewController.swift */ = {isa = PBXFileReference; lastKnownFileType = sourcecode.swift; path = InviteViewController.swift; sourceTree = "<group>"; };
		F0CDB99E2AC9447A00430A96 /* InviteViewModel.swift */ = {isa = PBXFileReference; lastKnownFileType = sourcecode.swift; path = InviteViewModel.swift; sourceTree = "<group>"; };
/* End PBXFileReference section */

/* Begin PBXFrameworksBuildPhase section */
		F01E303D2AA75786003AF470 /* Frameworks */ = {
			isa = PBXFrameworksBuildPhase;
			buildActionMask = 2147483647;
			files = (
				F09EB4AF2AB3E6790058B7AB /* FirebaseMessaging in Frameworks */,
				F09EB4AD2AB3E6790058B7AB /* FirebaseFirestoreSwift in Frameworks */,
				F09EB4A52AB3E6790058B7AB /* FirebaseAnalytics in Frameworks */,
				F09EB4AB2AB3E6790058B7AB /* FirebaseFirestore in Frameworks */,
				F09EB4B12AB3E6790058B7AB /* FirebaseStorage in Frameworks */,
				F01A91722ABE200900139466 /* GoogleSignInSwift in Frameworks */,
				F09EB4A92AB3E6790058B7AB /* FirebaseAuthCombine-Community in Frameworks */,
				F0BB3CC32AC5138E00ED5314 /* moa in Frameworks */,
				F09EB4A72AB3E6790058B7AB /* FirebaseAuth in Frameworks */,
				F0A5BFC02AB485C90045AD1C /* Lottie in Frameworks */,
				F01A91702ABE200900139466 /* GoogleSignIn in Frameworks */,
			);
			runOnlyForDeploymentPostprocessing = 0;
		};
		F01E30562AA75787003AF470 /* Frameworks */ = {
			isa = PBXFrameworksBuildPhase;
			buildActionMask = 2147483647;
			files = (
			);
			runOnlyForDeploymentPostprocessing = 0;
		};
		F01E30602AA75787003AF470 /* Frameworks */ = {
			isa = PBXFrameworksBuildPhase;
			buildActionMask = 2147483647;
			files = (
			);
			runOnlyForDeploymentPostprocessing = 0;
		};
/* End PBXFrameworksBuildPhase section */

/* Begin PBXGroup section */
		F01A916E2ABE1F7B00139466 /* model */ = {
			isa = PBXGroup;
			children = (
				F0B3105D2ABD2A6C00530994 /* AuthViewModel.swift */,
			);
			path = model;
			sourceTree = "<group>";
		};
		F01E30372AA75786003AF470 = {
			isa = PBXGroup;
			children = (
				F01E30422AA75786003AF470 /* Nenis */,
				F01E305C2AA75787003AF470 /* NenisTests */,
				F01E30662AA75787003AF470 /* NenisUITests */,
				F01E30412AA75786003AF470 /* Products */,
			);
			sourceTree = "<group>";
		};
		F01E30412AA75786003AF470 /* Products */ = {
			isa = PBXGroup;
			children = (
				F01E30402AA75786003AF470 /* Nenis.app */,
				F01E30592AA75787003AF470 /* NenisTests.xctest */,
				F01E30632AA75787003AF470 /* NenisUITests.xctest */,
			);
			name = Products;
			sourceTree = "<group>";
		};
		F01E30422AA75786003AF470 /* Nenis */ = {
			isa = PBXGroup;
			children = (
				F09D40BB2ABFAFDD0006E4BF /* baby_sleep.json */,
				F01A916B2ABE189D00139466 /* baby_yoda.json */,
				F0B3105F2ABD2CA100530994 /* utils */,
				F01E30762AA75BB3003AF470 /* features */,
				F01E30432AA75786003AF470 /* AppDelegate.swift */,
				F01E30452AA75786003AF470 /* SceneDelegate.swift */,
				F01E30472AA75786003AF470 /* ViewController.swift */,
				F01E30492AA75786003AF470 /* Main.storyboard */,
				F01E304F2AA75787003AF470 /* Assets.xcassets */,
				F01E30512AA75787003AF470 /* LaunchScreen.storyboard */,
				F01E30542AA75787003AF470 /* Info.plist */,
				F0B3105B2ABD1F3200530994 /* GoogleService-Info.plist */,
				F01E304C2AA75786003AF470 /* Nenis.xcdatamodeld */,
			);
			path = Nenis;
			sourceTree = "<group>";
		};
		F01E305C2AA75787003AF470 /* NenisTests */ = {
			isa = PBXGroup;
			children = (
				F01E305D2AA75787003AF470 /* NenisTests.swift */,
			);
			path = NenisTests;
			sourceTree = "<group>";
		};
		F01E30662AA75787003AF470 /* NenisUITests */ = {
			isa = PBXGroup;
			children = (
				F01E30672AA75787003AF470 /* NenisUITests.swift */,
				F01E30692AA75787003AF470 /* NenisUITestsLaunchTests.swift */,
			);
			path = NenisUITests;
			sourceTree = "<group>";
		};
		F01E30762AA75BB3003AF470 /* features */ = {
			isa = PBXGroup;
			children = (
				F0891AE52AC1F2FA00BC6C6B /* baby */,
				F09D40BD2ABFCA730006E4BF /* popover */,
				F0A5BFBB2AB484280045AD1C /* Auth */,
				F09F3F312AA96A6C00143522 /* actions */,
				F01E307A2AA75BD8003AF470 /* explore */,
				F01E30792AA75BD0003AF470 /* profile */,
				F01E30782AA75BCC003AF470 /* home */,
			);
			path = features;
			sourceTree = "<group>";
		};
		F01E30782AA75BCC003AF470 /* home */ = {
			isa = PBXGroup;
			children = (
				F02F8E532ABA8F020008E560 /* model */,
				F01E307B2AA75BF2003AF470 /* HomeViewController.swift */,
			);
			path = home;
			sourceTree = "<group>";
		};
		F01E30792AA75BD0003AF470 /* profile */ = {
			isa = PBXGroup;
			children = (
				F01E307D2AA75C04003AF470 /* ProfileViewController.swift */,
			);
			path = profile;
			sourceTree = "<group>";
		};
		F01E307A2AA75BD8003AF470 /* explore */ = {
			isa = PBXGroup;
			children = (
				F01E307F2AA75C11003AF470 /* ExploreViewController.swift */,
			);
			path = explore;
			sourceTree = "<group>";
		};
		F02F8E532ABA8F020008E560 /* model */ = {
			isa = PBXGroup;
			children = (
				F02F8E512ABA8EF80008E560 /* HomeViewModel.swift */,
			);
			path = model;
			sourceTree = "<group>";
		};
		F0891AE52AC1F2FA00BC6C6B /* baby */ = {
			isa = PBXGroup;
			children = (
				F0CDB99D2AC9446100430A96 /* invite */,
				F0BB3CC42AC51AD800ED5314 /* service */,
				F0CA22402AC461B90079C1ED /* model */,
				F0891AE62AC1F37600BC6C6B /* Baby.storyboard */,
				F0891AE82AC1F3A700BC6C6B /* NewChildViewController.swift */,
			);
			path = baby;
			sourceTree = "<group>";
		};
		F09D40BD2ABFCA730006E4BF /* popover */ = {
			isa = PBXGroup;
			children = (
				F09D40BE2ABFCA930006E4BF /* PopOverViewController.swift */,
			);
			path = popover;
			sourceTree = "<group>";
		};
		F09F3F312AA96A6C00143522 /* actions */ = {
			isa = PBXGroup;
			children = (
				F0A635802AAB563800FC8C62 /* ui */,
				F0B38D362AAAA18A00FBBA64 /* model */,
			);
			path = actions;
			sourceTree = "<group>";
		};
		F0A5BFBB2AB484280045AD1C /* Auth */ = {
			isa = PBXGroup;
			children = (
				F01A916E2ABE1F7B00139466 /* model */,
				F0A5BFBC2AB484460045AD1C /* SignInViewController.swift */,
			);
			path = Auth;
			sourceTree = "<group>";
		};
		F0A635802AAB563800FC8C62 /* ui */ = {
			isa = PBXGroup;
			children = (
				F09F3F322AA96A9200143522 /* NewActionViewController.swift */,
				F0A635832AAB567100FC8C62 /* ActivityTableViewCell.swift */,
				F0A635842AAB567100FC8C62 /* ActivityTableViewCell.xib */,
			);
			path = ui;
			sourceTree = "<group>";
		};
		F0B3105F2ABD2CA100530994 /* utils */ = {
			isa = PBXGroup;
			children = (
				F0B310602ABD2CB300530994 /* AnimationExtensions.swift */,
				F0B310622ABD300500530994 /* TextFieldExtension.swift */,
				F09B42CC2AC30BB4004910F7 /* ViewExtensions.swift */,
				F09B42CE2AC3229D004910F7 /* Utils.storyboard */,
				F0BB3CC52AC51AFA00ED5314 /* DatabaseService.swift */,
				F0CBE7972AC5EB2D00AD6185 /* StorageService.swift */,
			);
			path = utils;
			sourceTree = "<group>";
		};
		F0B38D362AAAA18A00FBBA64 /* model */ = {
			isa = PBXGroup;
			children = (
				F0B38D372AAAA19E00FBBA64 /* Action.swift */,
			);
			path = model;
			sourceTree = "<group>";
		};
		F0BB3CC42AC51AD800ED5314 /* service */ = {
			isa = PBXGroup;
			children = (
				F0CBE7952AC5A42400AD6185 /* BabyService.swift */,
			);
			path = service;
			sourceTree = "<group>";
		};
		F0CA22402AC461B90079C1ED /* model */ = {
			isa = PBXGroup;
			children = (
				F0CA22412AC461D50079C1ED /* Child.swift */,
				F0CA22432AC4628E0079C1ED /* NewChildViewModel.swift */,
			);
			path = model;
			sourceTree = "<group>";
		};
		F0CDB99D2AC9446100430A96 /* invite */ = {
			isa = PBXGroup;
			children = (
				F0CDB99B2AC9444E00430A96 /* InviteViewController.swift */,
				F0CDB99E2AC9447A00430A96 /* InviteViewModel.swift */,
			);
			path = invite;
			sourceTree = "<group>";
		};
/* End PBXGroup section */

/* Begin PBXNativeTarget section */
		F01E303F2AA75786003AF470 /* Nenis */ = {
			isa = PBXNativeTarget;
			buildConfigurationList = F01E306D2AA75787003AF470 /* Build configuration list for PBXNativeTarget "Nenis" */;
			buildPhases = (
				F01E303C2AA75786003AF470 /* Sources */,
				F01E303D2AA75786003AF470 /* Frameworks */,
				F01E303E2AA75786003AF470 /* Resources */,
			);
			buildRules = (
			);
			dependencies = (
			);
			name = Nenis;
			packageProductDependencies = (
				F09EB4A42AB3E6790058B7AB /* FirebaseAnalytics */,
				F09EB4A62AB3E6790058B7AB /* FirebaseAuth */,
				F09EB4A82AB3E6790058B7AB /* FirebaseAuthCombine-Community */,
				F09EB4AA2AB3E6790058B7AB /* FirebaseFirestore */,
				F09EB4AC2AB3E6790058B7AB /* FirebaseFirestoreSwift */,
				F09EB4AE2AB3E6790058B7AB /* FirebaseMessaging */,
				F09EB4B02AB3E6790058B7AB /* FirebaseStorage */,
				F0A5BFBF2AB485C90045AD1C /* Lottie */,
				F01A916F2ABE200900139466 /* GoogleSignIn */,
				F01A91712ABE200900139466 /* GoogleSignInSwift */,
				F0BB3CC22AC5138E00ED5314 /* moa */,
			);
			productName = Nenis;
			productReference = F01E30402AA75786003AF470 /* Nenis.app */;
			productType = "com.apple.product-type.application";
		};
		F01E30582AA75787003AF470 /* NenisTests */ = {
			isa = PBXNativeTarget;
			buildConfigurationList = F01E30702AA75787003AF470 /* Build configuration list for PBXNativeTarget "NenisTests" */;
			buildPhases = (
				F01E30552AA75787003AF470 /* Sources */,
				F01E30562AA75787003AF470 /* Frameworks */,
				F01E30572AA75787003AF470 /* Resources */,
			);
			buildRules = (
			);
			dependencies = (
				F01E305B2AA75787003AF470 /* PBXTargetDependency */,
			);
			name = NenisTests;
			productName = NenisTests;
			productReference = F01E30592AA75787003AF470 /* NenisTests.xctest */;
			productType = "com.apple.product-type.bundle.unit-test";
		};
		F01E30622AA75787003AF470 /* NenisUITests */ = {
			isa = PBXNativeTarget;
			buildConfigurationList = F01E30732AA75787003AF470 /* Build configuration list for PBXNativeTarget "NenisUITests" */;
			buildPhases = (
				F01E305F2AA75787003AF470 /* Sources */,
				F01E30602AA75787003AF470 /* Frameworks */,
				F01E30612AA75787003AF470 /* Resources */,
			);
			buildRules = (
			);
			dependencies = (
				F01E30652AA75787003AF470 /* PBXTargetDependency */,
			);
			name = NenisUITests;
			productName = NenisUITests;
			productReference = F01E30632AA75787003AF470 /* NenisUITests.xctest */;
			productType = "com.apple.product-type.bundle.ui-testing";
		};
/* End PBXNativeTarget section */

/* Begin PBXProject section */
		F01E30382AA75786003AF470 /* Project object */ = {
			isa = PBXProject;
			attributes = {
				BuildIndependentTargetsInParallel = 1;
				LastSwiftUpdateCheck = 1430;
				LastUpgradeCheck = 1500;
				TargetAttributes = {
					F01E303F2AA75786003AF470 = {
						CreatedOnToolsVersion = 14.3.1;
					};
					F01E30582AA75787003AF470 = {
						CreatedOnToolsVersion = 14.3.1;
						TestTargetID = F01E303F2AA75786003AF470;
					};
					F01E30622AA75787003AF470 = {
						CreatedOnToolsVersion = 14.3.1;
						TestTargetID = F01E303F2AA75786003AF470;
					};
				};
			};
			buildConfigurationList = F01E303B2AA75786003AF470 /* Build configuration list for PBXProject "Nenis" */;
			compatibilityVersion = "Xcode 14.0";
			developmentRegion = en;
			hasScannedForEncodings = 0;
			knownRegions = (
				en,
				Base,
			);
			mainGroup = F01E30372AA75786003AF470;
			packageReferences = (
				F09EB4A32AB3E6790058B7AB /* XCRemoteSwiftPackageReference "firebase-ios-sdk" */,
				F0A5BFBE2AB485C90045AD1C /* XCRemoteSwiftPackageReference "lottie-ios" */,
				F01A916D2ABE1F2A00139466 /* XCRemoteSwiftPackageReference "GoogleSignIn-iOS" */,
				F0BB3CC12AC5138E00ED5314 /* XCRemoteSwiftPackageReference "moa" */,
			);
			productRefGroup = F01E30412AA75786003AF470 /* Products */;
			projectDirPath = "";
			projectRoot = "";
			targets = (
				F01E303F2AA75786003AF470 /* Nenis */,
				F01E30582AA75787003AF470 /* NenisTests */,
				F01E30622AA75787003AF470 /* NenisUITests */,
			);
		};
/* End PBXProject section */

/* Begin PBXResourcesBuildPhase section */
		F01E303E2AA75786003AF470 /* Resources */ = {
			isa = PBXResourcesBuildPhase;
			buildActionMask = 2147483647;
			files = (
				F01A916C2ABE189D00139466 /* baby_yoda.json in Resources */,
				F01E30532AA75787003AF470 /* LaunchScreen.storyboard in Resources */,
				F09B42CF2AC3229D004910F7 /* Utils.storyboard in Resources */,
				F01E30502AA75787003AF470 /* Assets.xcassets in Resources */,
				F09D40BC2ABFAFDD0006E4BF /* baby_sleep.json in Resources */,
				F0891AE72AC1F37600BC6C6B /* Baby.storyboard in Resources */,
				F0B3105C2ABD1F3200530994 /* GoogleService-Info.plist in Resources */,
				F0A635862AAB567100FC8C62 /* ActivityTableViewCell.xib in Resources */,
				F01E304B2AA75786003AF470 /* Main.storyboard in Resources */,
			);
			runOnlyForDeploymentPostprocessing = 0;
		};
		F01E30572AA75787003AF470 /* Resources */ = {
			isa = PBXResourcesBuildPhase;
			buildActionMask = 2147483647;
			files = (
			);
			runOnlyForDeploymentPostprocessing = 0;
		};
		F01E30612AA75787003AF470 /* Resources */ = {
			isa = PBXResourcesBuildPhase;
			buildActionMask = 2147483647;
			files = (
			);
			runOnlyForDeploymentPostprocessing = 0;
		};
/* End PBXResourcesBuildPhase section */

/* Begin PBXSourcesBuildPhase section */
		F01E303C2AA75786003AF470 /* Sources */ = {
			isa = PBXSourcesBuildPhase;
			buildActionMask = 2147483647;
			files = (
				F09D40C02ABFCA930006E4BF /* PopOverViewController.swift in Sources */,
				F0CBE7982AC5EB2D00AD6185 /* StorageService.swift in Sources */,
				F0B310612ABD2CB300530994 /* AnimationExtensions.swift in Sources */,
				F0CDB99C2AC9444E00430A96 /* InviteViewController.swift in Sources */,
				F0891AE92AC1F3A700BC6C6B /* NewChildViewController.swift in Sources */,
				F0CBE7962AC5A42400AD6185 /* BabyService.swift in Sources */,
				F0A5BFBD2AB484460045AD1C /* SignInViewController.swift in Sources */,
				F09B42CD2AC30BB4004910F7 /* ViewExtensions.swift in Sources */,
				F0CA22422AC461D50079C1ED /* Child.swift in Sources */,
				F09F3F332AA96A9200143522 /* NewActionViewController.swift in Sources */,
				F0B310632ABD300500530994 /* TextFieldExtension.swift in Sources */,
				F01E307E2AA75C04003AF470 /* ProfileViewController.swift in Sources */,
				F0A635852AAB567100FC8C62 /* ActivityTableViewCell.swift in Sources */,
				F01E307C2AA75BF2003AF470 /* HomeViewController.swift in Sources */,
				F0CA22442AC4628E0079C1ED /* NewChildViewModel.swift in Sources */,
				F01E30482AA75786003AF470 /* ViewController.swift in Sources */,
				F01E30442AA75786003AF470 /* AppDelegate.swift in Sources */,
				F02F8E522ABA8EF80008E560 /* HomeViewModel.swift in Sources */,
				F0BB3CC62AC51AFA00ED5314 /* DatabaseService.swift in Sources */,
				F0CDB99F2AC9447A00430A96 /* InviteViewModel.swift in Sources */,
				F01E30462AA75786003AF470 /* SceneDelegate.swift in Sources */,
				F0B38D382AAAA19E00FBBA64 /* Action.swift in Sources */,
				F01E30802AA75C11003AF470 /* ExploreViewController.swift in Sources */,
				F0B3105E2ABD2A6C00530994 /* AuthViewModel.swift in Sources */,
				F01E304E2AA75786003AF470 /* Nenis.xcdatamodeld in Sources */,
			);
			runOnlyForDeploymentPostprocessing = 0;
		};
		F01E30552AA75787003AF470 /* Sources */ = {
			isa = PBXSourcesBuildPhase;
			buildActionMask = 2147483647;
			files = (
				F01E305E2AA75787003AF470 /* NenisTests.swift in Sources */,
			);
			runOnlyForDeploymentPostprocessing = 0;
		};
		F01E305F2AA75787003AF470 /* Sources */ = {
			isa = PBXSourcesBuildPhase;
			buildActionMask = 2147483647;
			files = (
				F01E306A2AA75787003AF470 /* NenisUITestsLaunchTests.swift in Sources */,
				F01E30682AA75787003AF470 /* NenisUITests.swift in Sources */,
			);
			runOnlyForDeploymentPostprocessing = 0;
		};
/* End PBXSourcesBuildPhase section */

/* Begin PBXTargetDependency section */
		F01E305B2AA75787003AF470 /* PBXTargetDependency */ = {
			isa = PBXTargetDependency;
			target = F01E303F2AA75786003AF470 /* Nenis */;
			targetProxy = F01E305A2AA75787003AF470 /* PBXContainerItemProxy */;
		};
		F01E30652AA75787003AF470 /* PBXTargetDependency */ = {
			isa = PBXTargetDependency;
			target = F01E303F2AA75786003AF470 /* Nenis */;
			targetProxy = F01E30642AA75787003AF470 /* PBXContainerItemProxy */;
		};
/* End PBXTargetDependency section */

/* Begin PBXVariantGroup section */
		F01E30492AA75786003AF470 /* Main.storyboard */ = {
			isa = PBXVariantGroup;
			children = (
				F01E304A2AA75786003AF470 /* Base */,
			);
			name = Main.storyboard;
			sourceTree = "<group>";
		};
		F01E30512AA75787003AF470 /* LaunchScreen.storyboard */ = {
			isa = PBXVariantGroup;
			children = (
				F01E30522AA75787003AF470 /* Base */,
			);
			name = LaunchScreen.storyboard;
			sourceTree = "<group>";
		};
/* End PBXVariantGroup section */

/* Begin XCBuildConfiguration section */
		F01E306B2AA75787003AF470 /* Debug */ = {
			isa = XCBuildConfiguration;
			buildSettings = {
				ALWAYS_SEARCH_USER_PATHS = NO;
				ASSETCATALOG_COMPILER_GENERATE_SWIFT_ASSET_SYMBOL_EXTENSIONS = YES;
				CLANG_ANALYZER_NONNULL = YES;
				CLANG_ANALYZER_NUMBER_OBJECT_CONVERSION = YES_AGGRESSIVE;
				CLANG_CXX_LANGUAGE_STANDARD = "gnu++20";
				CLANG_ENABLE_MODULES = YES;
				CLANG_ENABLE_OBJC_ARC = YES;
				CLANG_ENABLE_OBJC_WEAK = YES;
				CLANG_WARN_BLOCK_CAPTURE_AUTORELEASING = YES;
				CLANG_WARN_BOOL_CONVERSION = YES;
				CLANG_WARN_COMMA = YES;
				CLANG_WARN_CONSTANT_CONVERSION = YES;
				CLANG_WARN_DEPRECATED_OBJC_IMPLEMENTATIONS = YES;
				CLANG_WARN_DIRECT_OBJC_ISA_USAGE = YES_ERROR;
				CLANG_WARN_DOCUMENTATION_COMMENTS = YES;
				CLANG_WARN_EMPTY_BODY = YES;
				CLANG_WARN_ENUM_CONVERSION = YES;
				CLANG_WARN_INFINITE_RECURSION = YES;
				CLANG_WARN_INT_CONVERSION = YES;
				CLANG_WARN_NON_LITERAL_NULL_CONVERSION = YES;
				CLANG_WARN_OBJC_IMPLICIT_RETAIN_SELF = YES;
				CLANG_WARN_OBJC_LITERAL_CONVERSION = YES;
				CLANG_WARN_OBJC_ROOT_CLASS = YES_ERROR;
				CLANG_WARN_QUOTED_INCLUDE_IN_FRAMEWORK_HEADER = YES;
				CLANG_WARN_RANGE_LOOP_ANALYSIS = YES;
				CLANG_WARN_STRICT_PROTOTYPES = YES;
				CLANG_WARN_SUSPICIOUS_MOVE = YES;
				CLANG_WARN_UNGUARDED_AVAILABILITY = YES_AGGRESSIVE;
				CLANG_WARN_UNREACHABLE_CODE = YES;
				CLANG_WARN__DUPLICATE_METHOD_MATCH = YES;
				COPY_PHASE_STRIP = NO;
				DEBUG_INFORMATION_FORMAT = dwarf;
				ENABLE_STRICT_OBJC_MSGSEND = YES;
				ENABLE_TESTABILITY = YES;
				ENABLE_USER_SCRIPT_SANDBOXING = YES;
				GCC_C_LANGUAGE_STANDARD = gnu11;
				GCC_DYNAMIC_NO_PIC = NO;
				GCC_NO_COMMON_BLOCKS = YES;
				GCC_OPTIMIZATION_LEVEL = 0;
				GCC_PREPROCESSOR_DEFINITIONS = (
					"DEBUG=1",
					"$(inherited)",
				);
				GCC_WARN_64_TO_32_BIT_CONVERSION = YES;
				GCC_WARN_ABOUT_RETURN_TYPE = YES_ERROR;
				GCC_WARN_UNDECLARED_SELECTOR = YES;
				GCC_WARN_UNINITIALIZED_AUTOS = YES_AGGRESSIVE;
				GCC_WARN_UNUSED_FUNCTION = YES;
				GCC_WARN_UNUSED_VARIABLE = YES;
				IPHONEOS_DEPLOYMENT_TARGET = 16.4;
				MTL_ENABLE_DEBUG_INFO = INCLUDE_SOURCE;
				MTL_FAST_MATH = YES;
				ONLY_ACTIVE_ARCH = YES;
				SDKROOT = iphoneos;
				SWIFT_ACTIVE_COMPILATION_CONDITIONS = DEBUG;
				SWIFT_OPTIMIZATION_LEVEL = "-Onone";
			};
			name = Debug;
		};
		F01E306C2AA75787003AF470 /* Release */ = {
			isa = XCBuildConfiguration;
			buildSettings = {
				ALWAYS_SEARCH_USER_PATHS = NO;
				ASSETCATALOG_COMPILER_GENERATE_SWIFT_ASSET_SYMBOL_EXTENSIONS = YES;
				CLANG_ANALYZER_NONNULL = YES;
				CLANG_ANALYZER_NUMBER_OBJECT_CONVERSION = YES_AGGRESSIVE;
				CLANG_CXX_LANGUAGE_STANDARD = "gnu++20";
				CLANG_ENABLE_MODULES = YES;
				CLANG_ENABLE_OBJC_ARC = YES;
				CLANG_ENABLE_OBJC_WEAK = YES;
				CLANG_WARN_BLOCK_CAPTURE_AUTORELEASING = YES;
				CLANG_WARN_BOOL_CONVERSION = YES;
				CLANG_WARN_COMMA = YES;
				CLANG_WARN_CONSTANT_CONVERSION = YES;
				CLANG_WARN_DEPRECATED_OBJC_IMPLEMENTATIONS = YES;
				CLANG_WARN_DIRECT_OBJC_ISA_USAGE = YES_ERROR;
				CLANG_WARN_DOCUMENTATION_COMMENTS = YES;
				CLANG_WARN_EMPTY_BODY = YES;
				CLANG_WARN_ENUM_CONVERSION = YES;
				CLANG_WARN_INFINITE_RECURSION = YES;
				CLANG_WARN_INT_CONVERSION = YES;
				CLANG_WARN_NON_LITERAL_NULL_CONVERSION = YES;
				CLANG_WARN_OBJC_IMPLICIT_RETAIN_SELF = YES;
				CLANG_WARN_OBJC_LITERAL_CONVERSION = YES;
				CLANG_WARN_OBJC_ROOT_CLASS = YES_ERROR;
				CLANG_WARN_QUOTED_INCLUDE_IN_FRAMEWORK_HEADER = YES;
				CLANG_WARN_RANGE_LOOP_ANALYSIS = YES;
				CLANG_WARN_STRICT_PROTOTYPES = YES;
				CLANG_WARN_SUSPICIOUS_MOVE = YES;
				CLANG_WARN_UNGUARDED_AVAILABILITY = YES_AGGRESSIVE;
				CLANG_WARN_UNREACHABLE_CODE = YES;
				CLANG_WARN__DUPLICATE_METHOD_MATCH = YES;
				COPY_PHASE_STRIP = NO;
				DEBUG_INFORMATION_FORMAT = "dwarf-with-dsym";
				ENABLE_NS_ASSERTIONS = NO;
				ENABLE_STRICT_OBJC_MSGSEND = YES;
				ENABLE_USER_SCRIPT_SANDBOXING = YES;
				GCC_C_LANGUAGE_STANDARD = gnu11;
				GCC_NO_COMMON_BLOCKS = YES;
				GCC_WARN_64_TO_32_BIT_CONVERSION = YES;
				GCC_WARN_ABOUT_RETURN_TYPE = YES_ERROR;
				GCC_WARN_UNDECLARED_SELECTOR = YES;
				GCC_WARN_UNINITIALIZED_AUTOS = YES_AGGRESSIVE;
				GCC_WARN_UNUSED_FUNCTION = YES;
				GCC_WARN_UNUSED_VARIABLE = YES;
				IPHONEOS_DEPLOYMENT_TARGET = 16.4;
				MTL_ENABLE_DEBUG_INFO = NO;
				MTL_FAST_MATH = YES;
				SDKROOT = iphoneos;
				SWIFT_COMPILATION_MODE = wholemodule;
				SWIFT_OPTIMIZATION_LEVEL = "-O";
				VALIDATE_PRODUCT = YES;
			};
			name = Release;
		};
		F01E306E2AA75787003AF470 /* Debug */ = {
			isa = XCBuildConfiguration;
			buildSettings = {
				ASSETCATALOG_COMPILER_APPICON_NAME = AppIcon;
				ASSETCATALOG_COMPILER_GLOBAL_ACCENT_COLOR_NAME = AccentColor;
				CODE_SIGN_STYLE = Automatic;
				CURRENT_PROJECT_VERSION = 1;
				DEVELOPMENT_TEAM = P7MD546WHY;
				GENERATE_INFOPLIST_FILE = YES;
				INFOPLIST_FILE = Nenis/Info.plist;
				INFOPLIST_KEY_UIApplicationSupportsIndirectInputEvents = YES;
				INFOPLIST_KEY_UILaunchStoryboardName = LaunchScreen;
				INFOPLIST_KEY_UIMainStoryboardFile = Main;
				INFOPLIST_KEY_UISupportedInterfaceOrientations_iPad = "UIInterfaceOrientationPortrait UIInterfaceOrientationPortraitUpsideDown UIInterfaceOrientationLandscapeLeft UIInterfaceOrientationLandscapeRight";
				INFOPLIST_KEY_UISupportedInterfaceOrientations_iPhone = "UIInterfaceOrientationPortrait UIInterfaceOrientationLandscapeLeft UIInterfaceOrientationLandscapeRight";
				LD_RUNPATH_SEARCH_PATHS = (
					"$(inherited)",
					"@executable_path/Frameworks",
				);
				MARKETING_VERSION = 1.0;
				PRODUCT_BUNDLE_IDENTIFIER = ilustris.Nenis;
				PRODUCT_NAME = "$(TARGET_NAME)";
				SWIFT_EMIT_LOC_STRINGS = YES;
				SWIFT_VERSION = 5.0;
				TARGETED_DEVICE_FAMILY = "1,2";
			};
			name = Debug;
		};
		F01E306F2AA75787003AF470 /* Release */ = {
			isa = XCBuildConfiguration;
			buildSettings = {
				ASSETCATALOG_COMPILER_APPICON_NAME = AppIcon;
				ASSETCATALOG_COMPILER_GLOBAL_ACCENT_COLOR_NAME = AccentColor;
				CODE_SIGN_STYLE = Automatic;
				CURRENT_PROJECT_VERSION = 1;
				DEVELOPMENT_TEAM = P7MD546WHY;
				GENERATE_INFOPLIST_FILE = YES;
				INFOPLIST_FILE = Nenis/Info.plist;
				INFOPLIST_KEY_UIApplicationSupportsIndirectInputEvents = YES;
				INFOPLIST_KEY_UILaunchStoryboardName = LaunchScreen;
				INFOPLIST_KEY_UIMainStoryboardFile = Main;
				INFOPLIST_KEY_UISupportedInterfaceOrientations_iPad = "UIInterfaceOrientationPortrait UIInterfaceOrientationPortraitUpsideDown UIInterfaceOrientationLandscapeLeft UIInterfaceOrientationLandscapeRight";
				INFOPLIST_KEY_UISupportedInterfaceOrientations_iPhone = "UIInterfaceOrientationPortrait UIInterfaceOrientationLandscapeLeft UIInterfaceOrientationLandscapeRight";
				LD_RUNPATH_SEARCH_PATHS = (
					"$(inherited)",
					"@executable_path/Frameworks",
				);
				MARKETING_VERSION = 1.0;
				PRODUCT_BUNDLE_IDENTIFIER = ilustris.Nenis;
				PRODUCT_NAME = "$(TARGET_NAME)";
				SWIFT_EMIT_LOC_STRINGS = YES;
				SWIFT_VERSION = 5.0;
				TARGETED_DEVICE_FAMILY = "1,2";
			};
			name = Release;
		};
		F01E30712AA75787003AF470 /* Debug */ = {
			isa = XCBuildConfiguration;
			buildSettings = {
				ALWAYS_EMBED_SWIFT_STANDARD_LIBRARIES = YES;
				BUNDLE_LOADER = "$(TEST_HOST)";
				CODE_SIGN_STYLE = Automatic;
				CURRENT_PROJECT_VERSION = 1;
				DEVELOPMENT_TEAM = P7MD546WHY;
				GENERATE_INFOPLIST_FILE = YES;
				IPHONEOS_DEPLOYMENT_TARGET = 16.4;
				MARKETING_VERSION = 1.0;
				PRODUCT_BUNDLE_IDENTIFIER = ilustris.NenisTests;
				PRODUCT_NAME = "$(TARGET_NAME)";
				SWIFT_EMIT_LOC_STRINGS = NO;
				SWIFT_VERSION = 5.0;
				TARGETED_DEVICE_FAMILY = "1,2";
				TEST_HOST = "$(BUILT_PRODUCTS_DIR)/Nenis.app/$(BUNDLE_EXECUTABLE_FOLDER_PATH)/Nenis";
			};
			name = Debug;
		};
		F01E30722AA75787003AF470 /* Release */ = {
			isa = XCBuildConfiguration;
			buildSettings = {
				ALWAYS_EMBED_SWIFT_STANDARD_LIBRARIES = YES;
				BUNDLE_LOADER = "$(TEST_HOST)";
				CODE_SIGN_STYLE = Automatic;
				CURRENT_PROJECT_VERSION = 1;
				DEVELOPMENT_TEAM = P7MD546WHY;
				GENERATE_INFOPLIST_FILE = YES;
				IPHONEOS_DEPLOYMENT_TARGET = 16.4;
				MARKETING_VERSION = 1.0;
				PRODUCT_BUNDLE_IDENTIFIER = ilustris.NenisTests;
				PRODUCT_NAME = "$(TARGET_NAME)";
				SWIFT_EMIT_LOC_STRINGS = NO;
				SWIFT_VERSION = 5.0;
				TARGETED_DEVICE_FAMILY = "1,2";
				TEST_HOST = "$(BUILT_PRODUCTS_DIR)/Nenis.app/$(BUNDLE_EXECUTABLE_FOLDER_PATH)/Nenis";
			};
			name = Release;
		};
		F01E30742AA75787003AF470 /* Debug */ = {
			isa = XCBuildConfiguration;
			buildSettings = {
				ALWAYS_EMBED_SWIFT_STANDARD_LIBRARIES = YES;
				CODE_SIGN_STYLE = Automatic;
				CURRENT_PROJECT_VERSION = 1;
				DEVELOPMENT_TEAM = P7MD546WHY;
				GENERATE_INFOPLIST_FILE = YES;
				MARKETING_VERSION = 1.0;
				PRODUCT_BUNDLE_IDENTIFIER = ilustris.NenisUITests;
				PRODUCT_NAME = "$(TARGET_NAME)";
				SWIFT_EMIT_LOC_STRINGS = NO;
				SWIFT_VERSION = 5.0;
				TARGETED_DEVICE_FAMILY = "1,2";
				TEST_TARGET_NAME = Nenis;
			};
			name = Debug;
		};
		F01E30752AA75787003AF470 /* Release */ = {
			isa = XCBuildConfiguration;
			buildSettings = {
				ALWAYS_EMBED_SWIFT_STANDARD_LIBRARIES = YES;
				CODE_SIGN_STYLE = Automatic;
				CURRENT_PROJECT_VERSION = 1;
				DEVELOPMENT_TEAM = P7MD546WHY;
				GENERATE_INFOPLIST_FILE = YES;
				MARKETING_VERSION = 1.0;
				PRODUCT_BUNDLE_IDENTIFIER = ilustris.NenisUITests;
				PRODUCT_NAME = "$(TARGET_NAME)";
				SWIFT_EMIT_LOC_STRINGS = NO;
				SWIFT_VERSION = 5.0;
				TARGETED_DEVICE_FAMILY = "1,2";
				TEST_TARGET_NAME = Nenis;
			};
			name = Release;
		};
/* End XCBuildConfiguration section */

/* Begin XCConfigurationList section */
		F01E303B2AA75786003AF470 /* Build configuration list for PBXProject "Nenis" */ = {
			isa = XCConfigurationList;
			buildConfigurations = (
				F01E306B2AA75787003AF470 /* Debug */,
				F01E306C2AA75787003AF470 /* Release */,
			);
			defaultConfigurationIsVisible = 0;
			defaultConfigurationName = Release;
		};
		F01E306D2AA75787003AF470 /* Build configuration list for PBXNativeTarget "Nenis" */ = {
			isa = XCConfigurationList;
			buildConfigurations = (
				F01E306E2AA75787003AF470 /* Debug */,
				F01E306F2AA75787003AF470 /* Release */,
			);
			defaultConfigurationIsVisible = 0;
			defaultConfigurationName = Release;
		};
		F01E30702AA75787003AF470 /* Build configuration list for PBXNativeTarget "NenisTests" */ = {
			isa = XCConfigurationList;
			buildConfigurations = (
				F01E30712AA75787003AF470 /* Debug */,
				F01E30722AA75787003AF470 /* Release */,
			);
			defaultConfigurationIsVisible = 0;
			defaultConfigurationName = Release;
		};
		F01E30732AA75787003AF470 /* Build configuration list for PBXNativeTarget "NenisUITests" */ = {
			isa = XCConfigurationList;
			buildConfigurations = (
				F01E30742AA75787003AF470 /* Debug */,
				F01E30752AA75787003AF470 /* Release */,
			);
			defaultConfigurationIsVisible = 0;
			defaultConfigurationName = Release;
		};
/* End XCConfigurationList section */

/* Begin XCRemoteSwiftPackageReference section */
		F01A916D2ABE1F2A00139466 /* XCRemoteSwiftPackageReference "GoogleSignIn-iOS" */ = {
			isa = XCRemoteSwiftPackageReference;
			repositoryURL = "https://github.com/google/GoogleSignIn-iOS";
			requirement = {
				kind = upToNextMajorVersion;
				minimumVersion = 7.0.0;
			};
		};
		F09EB4A32AB3E6790058B7AB /* XCRemoteSwiftPackageReference "firebase-ios-sdk" */ = {
			isa = XCRemoteSwiftPackageReference;
			repositoryURL = "https://github.com/firebase/firebase-ios-sdk.git";
			requirement = {
				kind = upToNextMajorVersion;
				minimumVersion = 10.0.0;
			};
		};
		F0A5BFBE2AB485C90045AD1C /* XCRemoteSwiftPackageReference "lottie-ios" */ = {
			isa = XCRemoteSwiftPackageReference;
			repositoryURL = "https://github.com/airbnb/lottie-ios.git";
			requirement = {
				kind = upToNextMajorVersion;
				minimumVersion = 4.0.0;
			};
		};
		F0BB3CC12AC5138E00ED5314 /* XCRemoteSwiftPackageReference "moa" */ = {
			isa = XCRemoteSwiftPackageReference;
			repositoryURL = "https://github.com/evgenyneu/moa";
			requirement = {
				kind = upToNextMajorVersion;
				minimumVersion = 12.0.0;
			};
		};
/* End XCRemoteSwiftPackageReference section */

/* Begin XCSwiftPackageProductDependency section */
		F01A916F2ABE200900139466 /* GoogleSignIn */ = {
			isa = XCSwiftPackageProductDependency;
			package = F01A916D2ABE1F2A00139466 /* XCRemoteSwiftPackageReference "GoogleSignIn-iOS" */;
			productName = GoogleSignIn;
		};
		F01A91712ABE200900139466 /* GoogleSignInSwift */ = {
			isa = XCSwiftPackageProductDependency;
			package = F01A916D2ABE1F2A00139466 /* XCRemoteSwiftPackageReference "GoogleSignIn-iOS" */;
			productName = GoogleSignInSwift;
		};
		F09EB4A42AB3E6790058B7AB /* FirebaseAnalytics */ = {
			isa = XCSwiftPackageProductDependency;
			package = F09EB4A32AB3E6790058B7AB /* XCRemoteSwiftPackageReference "firebase-ios-sdk" */;
			productName = FirebaseAnalytics;
		};
		F09EB4A62AB3E6790058B7AB /* FirebaseAuth */ = {
			isa = XCSwiftPackageProductDependency;
			package = F09EB4A32AB3E6790058B7AB /* XCRemoteSwiftPackageReference "firebase-ios-sdk" */;
			productName = FirebaseAuth;
		};
		F09EB4A82AB3E6790058B7AB /* FirebaseAuthCombine-Community */ = {
			isa = XCSwiftPackageProductDependency;
			package = F09EB4A32AB3E6790058B7AB /* XCRemoteSwiftPackageReference "firebase-ios-sdk" */;
			productName = "FirebaseAuthCombine-Community";
		};
		F09EB4AA2AB3E6790058B7AB /* FirebaseFirestore */ = {
			isa = XCSwiftPackageProductDependency;
			package = F09EB4A32AB3E6790058B7AB /* XCRemoteSwiftPackageReference "firebase-ios-sdk" */;
			productName = FirebaseFirestore;
		};
		F09EB4AC2AB3E6790058B7AB /* FirebaseFirestoreSwift */ = {
			isa = XCSwiftPackageProductDependency;
			package = F09EB4A32AB3E6790058B7AB /* XCRemoteSwiftPackageReference "firebase-ios-sdk" */;
			productName = FirebaseFirestoreSwift;
		};
		F09EB4AE2AB3E6790058B7AB /* FirebaseMessaging */ = {
			isa = XCSwiftPackageProductDependency;
			package = F09EB4A32AB3E6790058B7AB /* XCRemoteSwiftPackageReference "firebase-ios-sdk" */;
			productName = FirebaseMessaging;
		};
		F09EB4B02AB3E6790058B7AB /* FirebaseStorage */ = {
			isa = XCSwiftPackageProductDependency;
			package = F09EB4A32AB3E6790058B7AB /* XCRemoteSwiftPackageReference "firebase-ios-sdk" */;
			productName = FirebaseStorage;
		};
		F0A5BFBF2AB485C90045AD1C /* Lottie */ = {
			isa = XCSwiftPackageProductDependency;
			package = F0A5BFBE2AB485C90045AD1C /* XCRemoteSwiftPackageReference "lottie-ios" */;
			productName = Lottie;
		};
		F0BB3CC22AC5138E00ED5314 /* moa */ = {
			isa = XCSwiftPackageProductDependency;
			package = F0BB3CC12AC5138E00ED5314 /* XCRemoteSwiftPackageReference "moa" */;
			productName = moa;
		};
/* End XCSwiftPackageProductDependency section */

/* Begin XCVersionGroup section */
		F01E304C2AA75786003AF470 /* Nenis.xcdatamodeld */ = {
			isa = XCVersionGroup;
			children = (
				F01E304D2AA75786003AF470 /* Nenis.xcdatamodel */,
			);
			currentVersion = F01E304D2AA75786003AF470 /* Nenis.xcdatamodel */;
			path = Nenis.xcdatamodeld;
			sourceTree = "<group>";
			versionGroupType = wrapper.xcdatamodel;
		};
/* End XCVersionGroup section */
	};
	rootObject = F01E30382AA75786003AF470 /* Project object */;
}
